
Microsoft Visual Studio Solution File, Format Version 12.00
# Visual Studio Version 17
VisualStudioVersion = 17.9.34728.123
MinimumVisualStudioVersion = 10.0.40219.1
Project("{9A19103F-16F7-4668-BE54-9A1E7A4F7556}") = "FauxLight", "FauxLight.csproj", "{48BA58B9-D196-47D1-89DA-570C66341028}"
EndProject
Global
	GlobalSection(SolutionConfigurationPlatforms) = preSolution
		Debug|Any CPU = Debug|Any CPU
		ExportDebug|Any CPU = ExportDebug|Any CPU
		ExportRelease|Any CPU = ExportRelease|Any CPU
	EndGlobalSection
	GlobalSection(ProjectConfigurationPlatforms) = postSolution
		{48BA58B9-D196-47D1-89DA-570C66341028}.Debug|Any CPU.ActiveCfg = Debug|Any CPU
		{48BA58B9-D196-47D1-89DA-570C66341028}.Debug|Any CPU.Build.0 = Debug|Any CPU
		{48BA58B9-D196-47D1-89DA-570C66341028}.ExportDebug|Any CPU.ActiveCfg = ExportDebug|Any CPU
		{48BA58B9-D196-47D1-89DA-570C66341028}.ExportDebug|Any CPU.Build.0 = ExportDebug|Any CPU
		{48BA58B9-D196-47D1-89DA-570C66341028}.ExportRelease|Any CPU.ActiveCfg = ExportRelease|Any CPU
		{48BA58B9-D196-47D1-89DA-570C66341028}.ExportRelease|Any CPU.Build.0 = ExportRelease|Any CPU
	EndGlobalSection
	GlobalSection(SolutionProperties) = preSolution
		HideSolutionNode = FALSE
	EndGlobalSection
	GlobalSection(ExtensibilityGlobals) = postSolution
		SolutionGuid = {A6F47A31-4898-4A96-8D44-2B723E1F8A11}
	EndGlobalSection
EndGlobal
